version = 1
revision = 1
requires-python = ">=3.12"

[[package]]
name = "resumatch-resume-composer"
version = "0.1.0"
source = { editable = "." }
dependencies = [
    { name = "tecto" },
]

[package.metadata]
requires-dist = [{ name = "tecto", specifier = ">=0.16.9" }]

[[package]]
name = "tecto"
version = "0.16.9"
source = { registry = "https://pypi.org/simple" }
wheels = [
    { url = "https://files.pythonhosted.org/packages/8c/96/b8bd09640ae2ab7420db2f45fb78f74994999352a740c0034e03aed1f462/tecto-0.16.9-py3-none-macosx_10_12_x86_64.whl", hash = "sha256:ba51a38c90c7bf718c6a438f198c8ee3d2019251d8a1981606a67842c7a47b7a", size = 39665917 },
    { url = "https://files.pythonhosted.org/packages/5f/e8/3b55c499c66bf580d244b42de6c2215072e351742db74d103e0d4d24c26f/tecto-0.16.9-py3-none-macosx_11_0_arm64.whl", hash = "sha256:7f083a36955e42fb7f0903df23fdd47a3f70e7ce925f86eee2ce45aedaae5c60", size = 39552101 },
    { url = "https://files.pythonhosted.org/packages/f7/57/d5e5cd9d270613cf723629c9349c64c6eaf380271924d5b98f9fba822e35/tecto-0.16.9-py3-none-manylinux2014_x86_64.whl", hash = "sha256:bc7696ebf58c86ffeca77b6c4a83b9915e40e0ac04584fe574af5f00393b0731", size = 41607561 },
    { url = "https://files.pythonhosted.org/packages/58/cb/47e6127d657c64dba48b77d4b8cf844d642dd5eaca7aada208cbe6338233/tecto-0.16.9-py3-none-musllinux_1_2_aarch64.whl", hash = "sha256:7f5df5d1f392e4e22030036c6e174a8a7e3eca50be32e504286c0f46553724b8", size = 19208539 },
    { url = "https://files.pythonhosted.org/packages/41/2d/b03fb1cf50d9abce0c0e55aeeff6c35dca532c55844be948ae421080308a/tecto-0.16.9-py3-none-musllinux_1_2_x86_64.whl", hash = "sha256:f2ee0401f0ee1033d27c35e17e46ba35101dd872d469581d8ff1d3e6b72a4857", size = 19725452 },
    { url = "https://files.pythonhosted.org/packages/19/49/1d44a16885a6935c2b13c8481dbec0b84c00004e5072f384befc5b65a463/tecto-0.16.9-py3-none-win_amd64.whl", hash = "sha256:a067142f90b02eac2bac78d2e0e04fea75695e895e31b897a00ac6756342e004", size = 38343808 },
]
